
Microsoft Visual Studio Solution File, Format Version 12.00
# Visual Studio Version 17
VisualStudioVersion = 17.9.34607.119
MinimumVisualStudioVersion = 10.0.40219.1
Project("{FAE04EC0-301F-11D3-BF4B-00C04F79EFBC}") = "Workaround", "Workaround\Workaround.csproj", "{CE82DDFF-1A5D-4D78-9D42-CB2F9AE815FC}"
EndProject
Project("{FAE04EC0-301F-11D3-BF4B-00C04F79EFBC}") = "Entities", "Entities\Entities.csproj", "{FB14AADB-CF1B-4A13-9D9D-0AB55D8ED612}"
EndProject
Project("{FAE04EC0-301F-11D3-BF4B-00C04F79EFBC}") = "Business", "Business\Business.csproj", "{7AF1C8DE-8F33-45AE-9ADD-40E7D5746F2E}"
EndProject
Global
	GlobalSection(SolutionConfigurationPlatforms) = preSolution
		Debug|Any CPU = Debug|Any CPU
		Release|Any CPU = Release|Any CPU
	EndGlobalSection
	GlobalSection(ProjectConfigurationPlatforms) = postSolution
		{CE82DDFF-1A5D-4D78-9D42-CB2F9AE815FC}.Debug|Any CPU.ActiveCfg = Debug|Any CPU
		{CE82DDFF-1A5D-4D78-9D42-CB2F9AE815FC}.Debug|Any CPU.Build.0 = Debug|Any CPU
		{CE82DDFF-1A5D-4D78-9D42-CB2F9AE815FC}.Release|Any CPU.ActiveCfg = Release|Any CPU
		{CE82DDFF-1A5D-4D78-9D42-CB2F9AE815FC}.Release|Any CPU.Build.0 = Release|Any CPU
		{FB14AADB-CF1B-4A13-9D9D-0AB55D8ED612}.Debug|Any CPU.ActiveCfg = Debug|Any CPU
		{FB14AADB-CF1B-4A13-9D9D-0AB55D8ED612}.Debug|Any CPU.Build.0 = Debug|Any CPU
		{FB14AADB-CF1B-4A13-9D9D-0AB55D8ED612}.Release|Any CPU.ActiveCfg = Release|Any CPU
		{FB14AADB-CF1B-4A13-9D9D-0AB55D8ED612}.Release|Any CPU.Build.0 = Release|Any CPU
		{7AF1C8DE-8F33-45AE-9ADD-40E7D5746F2E}.Debug|Any CPU.ActiveCfg = Debug|Any CPU
		{7AF1C8DE-8F33-45AE-9ADD-40E7D5746F2E}.Debug|Any CPU.Build.0 = Debug|Any CPU
		{7AF1C8DE-8F33-45AE-9ADD-40E7D5746F2E}.Release|Any CPU.ActiveCfg = Release|Any CPU
		{7AF1C8DE-8F33-45AE-9ADD-40E7D5746F2E}.Release|Any CPU.Build.0 = Release|Any CPU
	EndGlobalSection
	GlobalSection(SolutionProperties) = preSolution
		HideSolutionNode = FALSE
	EndGlobalSection
	GlobalSection(ExtensibilityGlobals) = postSolution
		SolutionGuid = {1746760E-E75D-4E15-BE03-E2FD5B86E398}
	EndGlobalSection
EndGlobal
